
Microsoft Visual Studio Solution File, Format Version 12.00
# Visual Studio Version 17
VisualStudioVersion = 17.1.31903.286
MinimumVisualStudioVersion = 10.0.40219.1
Project("{FAE04EC0-301F-11D3-BF4B-00C04F79EFBC}") = "WebApi", "WebApi\WebApi.csproj", "{5BE3594B-4ACD-4E48-BE3B-7D97835CD8DF}"
EndProject
Project("{FAE04EC0-301F-11D3-BF4B-00C04F79EFBC}") = "Client", "Client\Client.csproj", "{6EA4F4BC-2F54-4C71-9134-43CF866BD231}"
EndProject
Project("{FAE04EC0-301F-11D3-BF4B-00C04F79EFBC}") = "Shared", "Shared\Shared.csproj", "{7561E912-B5DE-4261-AD6A-F9195B506B0F}"
EndProject
Global
	GlobalSection(SolutionConfigurationPlatforms) = preSolution
		Debug|Any CPU = Debug|Any CPU
		Release|Any CPU = Release|Any CPU
	EndGlobalSection
	GlobalSection(ProjectConfigurationPlatforms) = postSolution
		{5BE3594B-4ACD-4E48-BE3B-7D97835CD8DF}.Debug|Any CPU.ActiveCfg = Debug|Any CPU
		{5BE3594B-4ACD-4E48-BE3B-7D97835CD8DF}.Debug|Any CPU.Build.0 = Debug|Any CPU
		{5BE3594B-4ACD-4E48-BE3B-7D97835CD8DF}.Release|Any CPU.ActiveCfg = Release|Any CPU
		{5BE3594B-4ACD-4E48-BE3B-7D97835CD8DF}.Release|Any CPU.Build.0 = Release|Any CPU
		{6EA4F4BC-2F54-4C71-9134-43CF866BD231}.Debug|Any CPU.ActiveCfg = Debug|Any CPU
		{6EA4F4BC-2F54-4C71-9134-43CF866BD231}.Debug|Any CPU.Build.0 = Debug|Any CPU
		{6EA4F4BC-2F54-4C71-9134-43CF866BD231}.Release|Any CPU.ActiveCfg = Release|Any CPU
		{6EA4F4BC-2F54-4C71-9134-43CF866BD231}.Release|Any CPU.Build.0 = Release|Any CPU
		{7561E912-B5DE-4261-AD6A-F9195B506B0F}.Debug|Any CPU.ActiveCfg = Debug|Any CPU
		{7561E912-B5DE-4261-AD6A-F9195B506B0F}.Debug|Any CPU.Build.0 = Debug|Any CPU
		{7561E912-B5DE-4261-AD6A-F9195B506B0F}.Release|Any CPU.ActiveCfg = Release|Any CPU
		{7561E912-B5DE-4261-AD6A-F9195B506B0F}.Release|Any CPU.Build.0 = Release|Any CPU
	EndGlobalSection
	GlobalSection(SolutionProperties) = preSolution
		HideSolutionNode = FALSE
	EndGlobalSection
	GlobalSection(ExtensibilityGlobals) = postSolution
		SolutionGuid = {6784B21D-D716-48A0-801F-5363315B7AE9}
	EndGlobalSection
EndGlobal
